github.com/yihleego/base62 v0.0.0-20220914065435-8adf690e207d h1:kAwAugZmluQDyB1kf+WbEJkBVWRQQxR/uOVX8ZoUprM=
github.com/yihleego/base62 v0.0.0-20220914065435-8adf690e207d/go.mod h1:D1hhIFHiYg0fNkGgp/sq8Ywq2iopYC0KmSM/mZ3nPsE=
github.com/yihleego/murmurhash3 v0.0.0-20220914065222-8cd2aa986a9d h1:J5osLXhry/Du94X0NLlTCYggF4ZhDa33P3nJQjcyzTc=
github.com/yihleego/murmurhash3 v0.0.0-20220914065222-8cd2aa986a9d/go.mod h1:bC72V/BuvzR44ZUR46+gcrbJancD/c3YUx7fGDSSQRg=
